
Microsoft Visual Studio Solution File, Format Version 12.00
# Visual Studio 2012
Project("{FAE04EC0-301F-11D3-BF4B-00C04F79EFBC}") = "Sorting", "..\Sorting\Sorting.csproj", "{0743C606-9E11-4281-AEB5-8680351661E4}"
EndProject
Project("{2150E333-8FDC-42A3-9474-1A3956D46DE8}") = ".nuget", ".nuget", "{446CF91B-A29C-4B3A-8369-1CDE44E1E117}"
	ProjectSection(SolutionItems) = preProject
		.nuget\NuGet.Config = .nuget\NuGet.Config
		.nuget\NuGet.exe = .nuget\NuGet.exe
		.nuget\NuGet.targets = .nuget\NuGet.targets
	EndProjectSection
EndProject
Project("{FAE04EC0-301F-11D3-BF4B-00C04F79EFBC}") = "Benchmark", "Benchmark\Benchmark.csproj", "{5BC60E4D-1AF5-46E1-8C69-5EDBA182DBB2}"
EndProject
Project("{FAE04EC0-301F-11D3-BF4B-00C04F79EFBC}") = "OmitDuplicatesInTextFile", "OmitDuplicatesInTextFile\OmitDuplicatesInTextFile.csproj", "{E1E139AF-616C-4DB3-974A-C5B44ADDCF72}"
EndProject
Project("{FAE04EC0-301F-11D3-BF4B-00C04F79EFBC}") = "Trees", "Trees\Trees.csproj", "{4F82B55D-4CA0-4793-8C2A-B2BE65FE9DDE}"
EndProject
Global
	GlobalSection(SolutionConfigurationPlatforms) = preSolution
		Debug|Any CPU = Debug|Any CPU
		Release|Any CPU = Release|Any CPU
	EndGlobalSection
	GlobalSection(ProjectConfigurationPlatforms) = postSolution
		{0743C606-9E11-4281-AEB5-8680351661E4}.Debug|Any CPU.ActiveCfg = Debug|Any CPU
		{0743C606-9E11-4281-AEB5-8680351661E4}.Debug|Any CPU.Build.0 = Debug|Any CPU
		{0743C606-9E11-4281-AEB5-8680351661E4}.Release|Any CPU.ActiveCfg = Release|Any CPU
		{0743C606-9E11-4281-AEB5-8680351661E4}.Release|Any CPU.Build.0 = Release|Any CPU
		{5BC60E4D-1AF5-46E1-8C69-5EDBA182DBB2}.Debug|Any CPU.ActiveCfg = Debug|Any CPU
		{5BC60E4D-1AF5-46E1-8C69-5EDBA182DBB2}.Debug|Any CPU.Build.0 = Debug|Any CPU
		{5BC60E4D-1AF5-46E1-8C69-5EDBA182DBB2}.Release|Any CPU.ActiveCfg = Release|Any CPU
		{5BC60E4D-1AF5-46E1-8C69-5EDBA182DBB2}.Release|Any CPU.Build.0 = Release|Any CPU
		{E1E139AF-616C-4DB3-974A-C5B44ADDCF72}.Debug|Any CPU.ActiveCfg = Debug|Any CPU
		{E1E139AF-616C-4DB3-974A-C5B44ADDCF72}.Debug|Any CPU.Build.0 = Debug|Any CPU
		{E1E139AF-616C-4DB3-974A-C5B44ADDCF72}.Release|Any CPU.ActiveCfg = Release|Any CPU
		{E1E139AF-616C-4DB3-974A-C5B44ADDCF72}.Release|Any CPU.Build.0 = Release|Any CPU
		{4F82B55D-4CA0-4793-8C2A-B2BE65FE9DDE}.Debug|Any CPU.ActiveCfg = Debug|Any CPU
		{4F82B55D-4CA0-4793-8C2A-B2BE65FE9DDE}.Debug|Any CPU.Build.0 = Debug|Any CPU
		{4F82B55D-4CA0-4793-8C2A-B2BE65FE9DDE}.Release|Any CPU.ActiveCfg = Release|Any CPU
		{4F82B55D-4CA0-4793-8C2A-B2BE65FE9DDE}.Release|Any CPU.Build.0 = Release|Any CPU
	EndGlobalSection
	GlobalSection(SolutionProperties) = preSolution
		HideSolutionNode = FALSE
	EndGlobalSection
EndGlobal
